
Microsoft Visual Studio Solution File, Format Version 12.00
# Visual Studio Version 17
VisualStudioVersion = 17.8.34408.163
MinimumVisualStudioVersion = 10.0.40219.1
Project("{FAE04EC0-301F-11D3-BF4B-00C04F79EFBC}") = "MoreCSharpFun", "MoreCSharpFun.csproj", "{7D46A27F-E847-4238-B67E-8E8D03E233AE}"
EndProject
Global
	GlobalSection(SolutionConfigurationPlatforms) = preSolution
		Debug|Any CPU = Debug|Any CPU
		Release|Any CPU = Release|Any CPU
	EndGlobalSection
	GlobalSection(ProjectConfigurationPlatforms) = postSolution
		{7D46A27F-E847-4238-B67E-8E8D03E233AE}.Debug|Any CPU.ActiveCfg = Debug|Any CPU
		{7D46A27F-E847-4238-B67E-8E8D03E233AE}.Debug|Any CPU.Build.0 = Debug|Any CPU
		{7D46A27F-E847-4238-B67E-8E8D03E233AE}.Release|Any CPU.ActiveCfg = Release|Any CPU
		{7D46A27F-E847-4238-B67E-8E8D03E233AE}.Release|Any CPU.Build.0 = Release|Any CPU
	EndGlobalSection
	GlobalSection(SolutionProperties) = preSolution
		HideSolutionNode = FALSE
	EndGlobalSection
	GlobalSection(ExtensibilityGlobals) = postSolution
		SolutionGuid = {5C157AAB-59FC-4013-B4E0-2CD4E51DDC2C}
	EndGlobalSection
EndGlobal
